{
  "name": "madeena-masjid-api",
  "lockfileVersion": 3,
  "requires": true,
  "packages": {
    "": {
      "name": "madeena-masjid-api",
      "version": "1.0.0",
      "license": "MIT",
      "dependencies": {
        "@azure/identity": "^4.5.0",
        "@azure/storage-blob": "^12.17.0"
      }
    }
  }
}
